// !$*UTF8*$!
{
	archiveVersion = 1;
	classes = {
	};
	objectVersion = 50;
	objects = {

/* Begin PBXBuildFile section */
		2232FD152305825100A13522 /* ServicesTests.swift in Sources */ = {isa = PBXBuildFile; fileRef = 2232FD142305825100A13522 /* ServicesTests.swift */; };
		22421A2722FD5F7000FE1EC2 /* AppDelegate.swift in Sources */ = {isa = PBXBuildFile; fileRef = 22421A2622FD5F7000FE1EC2 /* AppDelegate.swift */; };
		22421A2C22FD5F7000FE1EC2 /* Main.storyboard in Resources */ = {isa = PBXBuildFile; fileRef = 22421A2A22FD5F7000FE1EC2 /* Main.storyboard */; };
		22421A2F22FD5F7000FE1EC2 /* CityGuide.xcdatamodeld in Sources */ = {isa = PBXBuildFile; fileRef = 22421A2D22FD5F7000FE1EC2 /* CityGuide.xcdatamodeld */; };
		22421A3122FD5F7300FE1EC2 /* Assets.xcassets in Resources */ = {isa = PBXBuildFile; fileRef = 22421A3022FD5F7300FE1EC2 /* Assets.xcassets */; };
		22421A3422FD5F7300FE1EC2 /* LaunchScreen.storyboard in Resources */ = {isa = PBXBuildFile; fileRef = 22421A3222FD5F7300FE1EC2 /* LaunchScreen.storyboard */; };
		22421A3F22FD5F7300FE1EC2 /* CityGuideTests.swift in Sources */ = {isa = PBXBuildFile; fileRef = 22421A3E22FD5F7300FE1EC2 /* CityGuideTests.swift */; };
		22678066230400DA00DE4D2C /* CityWeatherTableViewCell.swift in Sources */ = {isa = PBXBuildFile; fileRef = 22678064230400DA00DE4D2C /* CityWeatherTableViewCell.swift */; };
		22678067230400DA00DE4D2C /* CityWeatherTableViewCell.xib in Resources */ = {isa = PBXBuildFile; fileRef = 22678065230400DA00DE4D2C /* CityWeatherTableViewCell.xib */; };
		2267806B23041A1C00DE4D2C /* AttractionMapViewController.swift in Sources */ = {isa = PBXBuildFile; fileRef = 2267806923041A1C00DE4D2C /* AttractionMapViewController.swift */; };
		2267806C23041A1C00DE4D2C /* AttractionMapViewController.xib in Resources */ = {isa = PBXBuildFile; fileRef = 2267806A23041A1C00DE4D2C /* AttractionMapViewController.xib */; };
		2267806F23042BCB00DE4D2C /* AttractionOnMapPresenter.swift in Sources */ = {isa = PBXBuildFile; fileRef = 2267806E23042BCB00DE4D2C /* AttractionOnMapPresenter.swift */; };
		22A621D422FD630600312115 /* Region.swift in Sources */ = {isa = PBXBuildFile; fileRef = 22A621D022FD630600312115 /* Region.swift */; };
		22A621D522FD630600312115 /* Wind.swift in Sources */ = {isa = PBXBuildFile; fileRef = 22A621D122FD630600312115 /* Wind.swift */; };
		22A621D622FD630600312115 /* Country.swift in Sources */ = {isa = PBXBuildFile; fileRef = 22A621D222FD630600312115 /* Country.swift */; };
		22A621D722FD630600312115 /* WeatherForecast.swift in Sources */ = {isa = PBXBuildFile; fileRef = 22A621D322FD630600312115 /* WeatherForecast.swift */; };
		22A621DD22FD635200312115 /* LocationManager.swift in Sources */ = {isa = PBXBuildFile; fileRef = 22A621D922FD635200312115 /* LocationManager.swift */; };
		22A621DE22FD635200312115 /* CoreDataStack.swift in Sources */ = {isa = PBXBuildFile; fileRef = 22A621DA22FD635200312115 /* CoreDataStack.swift */; };
		22A621DF22FD635200312115 /* CountriesService.swift in Sources */ = {isa = PBXBuildFile; fileRef = 22A621DB22FD635200312115 /* CountriesService.swift */; };
		22A621E022FD635200312115 /* WeatherService.swift in Sources */ = {isa = PBXBuildFile; fileRef = 22A621DC22FD635200312115 /* WeatherService.swift */; };
		22A621E322FD639600312115 /* String.swift in Sources */ = {isa = PBXBuildFile; fileRef = 22A621E222FD639600312115 /* String.swift */; };
		22A621E622FD63EC00312115 /* AppSandbox.plist in Resources */ = {isa = PBXBuildFile; fileRef = 22A621E522FD63EC00312115 /* AppSandbox.plist */; };
		22A621E822FD675900312115 /* Reachability.swift in Sources */ = {isa = PBXBuildFile; fileRef = 22A621E722FD675900312115 /* Reachability.swift */; };
		22A621EA22FD798700312115 /* Attraction.swift in Sources */ = {isa = PBXBuildFile; fileRef = 22A621E922FD798700312115 /* Attraction.swift */; };
		22A621EC22FD7EC200312115 /* AttractionLink.swift in Sources */ = {isa = PBXBuildFile; fileRef = 22A621EB22FD7EC200312115 /* AttractionLink.swift */; };
		22A621EE22FD817F00312115 /* AttractionService.swift in Sources */ = {isa = PBXBuildFile; fileRef = 22A621ED22FD817F00312115 /* AttractionService.swift */; };
		22A621F022FDA97100312115 /* AttractionResults.swift in Sources */ = {isa = PBXBuildFile; fileRef = 22A621EF22FDA97100312115 /* AttractionResults.swift */; };
		22A621F222FDB5E000312115 /* AttractionLocation.swift in Sources */ = {isa = PBXBuildFile; fileRef = 22A621F122FDB5E000312115 /* AttractionLocation.swift */; };
		22A621FF22FF5BBC00312115 /* RegionsListViewController.swift in Sources */ = {isa = PBXBuildFile; fileRef = 22A621FE22FF5BBC00312115 /* RegionsListViewController.swift */; };
		22A622032300063D00312115 /* RegionCell.xib in Resources */ = {isa = PBXBuildFile; fileRef = 22A622012300063D00312115 /* RegionCell.xib */; };
		22A622042300063D00312115 /* RegionCell.swift in Sources */ = {isa = PBXBuildFile; fileRef = 22A622022300063D00312115 /* RegionCell.swift */; };
		22A6220823000DFF00312115 /* RegionsListPresenter.swift in Sources */ = {isa = PBXBuildFile; fileRef = 22A6220723000DFF00312115 /* RegionsListPresenter.swift */; };
		22CE428F2300989D0013DFA4 /* View.swift in Sources */ = {isa = PBXBuildFile; fileRef = 22CE428E2300989D0013DFA4 /* View.swift */; };
		22CE42932300993F0013DFA4 /* RegionDetailsViewController.swift in Sources */ = {isa = PBXBuildFile; fileRef = 22CE42912300993F0013DFA4 /* RegionDetailsViewController.swift */; };
		22CE429D230162700013DFA4 /* RegionHeaderView.swift in Sources */ = {isa = PBXBuildFile; fileRef = 22CE429C230162700013DFA4 /* RegionHeaderView.swift */; };
		22CE429F230162760013DFA4 /* RegionHeaderView.xib in Resources */ = {isa = PBXBuildFile; fileRef = 22CE429E230162760013DFA4 /* RegionHeaderView.xib */; };
		22CE42A1230163960013DFA4 /* UIImage.swift in Sources */ = {isa = PBXBuildFile; fileRef = 22CE42A0230163960013DFA4 /* UIImage.swift */; };
		22CE42A723016B350013DFA4 /* CountryTableViewCell.swift in Sources */ = {isa = PBXBuildFile; fileRef = 22CE42A523016B350013DFA4 /* CountryTableViewCell.swift */; };
		22CE42A823016B350013DFA4 /* CountryTableViewCell.xib in Resources */ = {isa = PBXBuildFile; fileRef = 22CE42A623016B350013DFA4 /* CountryTableViewCell.xib */; };
		22CE42B12301A5050013DFA4 /* RegionDetailsViewController.xib in Resources */ = {isa = PBXBuildFile; fileRef = 22CE42B02301A5040013DFA4 /* RegionDetailsViewController.xib */; };
		22CE42B52301A9F40013DFA4 /* RegionDetailsPresenter.swift in Sources */ = {isa = PBXBuildFile; fileRef = 22CE42B42301A9F40013DFA4 /* RegionDetailsPresenter.swift */; };
		22D6286A230298E700FA71EB /* AppRouter.swift in Sources */ = {isa = PBXBuildFile; fileRef = 22D62869230298E700FA71EB /* AppRouter.swift */; };
		22D6286E23029F8200FA71EB /* CountryDetailsViewController.swift in Sources */ = {isa = PBXBuildFile; fileRef = 22D6286C23029F8200FA71EB /* CountryDetailsViewController.swift */; };
		22D6286F23029F8200FA71EB /* CountryDetailsViewController.xib in Resources */ = {isa = PBXBuildFile; fileRef = 22D6286D23029F8200FA71EB /* CountryDetailsViewController.xib */; };
		22D98D902302A6F800014411 /* CountryDetailsPresenter.swift in Sources */ = {isa = PBXBuildFile; fileRef = 22D98D8F2302A6F800014411 /* CountryDetailsPresenter.swift */; };
		22D98D932302B11000014411 /* CityImagesTableHeaderView.swift in Sources */ = {isa = PBXBuildFile; fileRef = 22D98D922302B11000014411 /* CityImagesTableHeaderView.swift */; };
		22D98D952302B12100014411 /* CityImagesTableHeaderView.xib in Resources */ = {isa = PBXBuildFile; fileRef = 22D98D942302B12100014411 /* CityImagesTableHeaderView.xib */; };
		22D98D972302BE1800014411 /* CityImagesService.swift in Sources */ = {isa = PBXBuildFile; fileRef = 22D98D962302BE1800014411 /* CityImagesService.swift */; };
		22D98D992302C0C800014411 /* CountryImage.swift in Sources */ = {isa = PBXBuildFile; fileRef = 22D98D982302C0C800014411 /* CountryImage.swift */; };
		22D98D9E2302FD2A00014411 /* AttractionTableViewCell.swift in Sources */ = {isa = PBXBuildFile; fileRef = 22D98D9C2302FD2A00014411 /* AttractionTableViewCell.swift */; };
		22D98D9F2302FD2A00014411 /* AttractionTableViewCell.xib in Resources */ = {isa = PBXBuildFile; fileRef = 22D98D9D2302FD2A00014411 /* AttractionTableViewCell.xib */; };
		22D98DA22303055600014411 /* AttractionTableHeaderView.swift in Sources */ = {isa = PBXBuildFile; fileRef = 22D98DA12303055600014411 /* AttractionTableHeaderView.swift */; };
		22D98DA42303057500014411 /* AttractionTableHeaderView.xib in Resources */ = {isa = PBXBuildFile; fileRef = 22D98DA32303057500014411 /* AttractionTableHeaderView.xib */; };
		22F0744523045059008A0DC6 /* SavedCountry+CoreDataClass.swift in Sources */ = {isa = PBXBuildFile; fileRef = 22F0743F23045059008A0DC6 /* SavedCountry+CoreDataClass.swift */; };
		22F0744623045059008A0DC6 /* SavedCountry+CoreDataProperties.swift in Sources */ = {isa = PBXBuildFile; fileRef = 22F0744023045059008A0DC6 /* SavedCountry+CoreDataProperties.swift */; };
		22F0744723045059008A0DC6 /* SavedAttraction+CoreDataClass.swift in Sources */ = {isa = PBXBuildFile; fileRef = 22F0744123045059008A0DC6 /* SavedAttraction+CoreDataClass.swift */; };
		22F0744823045059008A0DC6 /* SavedAttraction+CoreDataProperties.swift in Sources */ = {isa = PBXBuildFile; fileRef = 22F0744223045059008A0DC6 /* SavedAttraction+CoreDataProperties.swift */; };
		22F0744B23045279008A0DC6 /* SavedRegion+CoreDataClass.swift in Sources */ = {isa = PBXBuildFile; fileRef = 22F0744923045279008A0DC6 /* SavedRegion+CoreDataClass.swift */; };
		22F0744C23045279008A0DC6 /* SavedRegion+CoreDataProperties.swift in Sources */ = {isa = PBXBuildFile; fileRef = 22F0744A23045279008A0DC6 /* SavedRegion+CoreDataProperties.swift */; };
		606B8AC6251CA07F008F35F7 /* UIColor.swift in Sources */ = {isa = PBXBuildFile; fileRef = 606B8AC5251CA07F008F35F7 /* UIColor.swift */; };
/* End PBXBuildFile section */

/* Begin PBXContainerItemProxy section */
		22421A3B22FD5F7300FE1EC2 /* PBXContainerItemProxy */ = {
			isa = PBXContainerItemProxy;
			containerPortal = 22421A1B22FD5F7000FE1EC2 /* Project object */;
			proxyType = 1;
			remoteGlobalIDString = 22421A2222FD5F7000FE1EC2;
			remoteInfo = CityGuide;
		};
/* End PBXContainerItemProxy section */

/* Begin PBXFileReference section */
		2232FD142305825100A13522 /* ServicesTests.swift */ = {isa = PBXFileReference; lastKnownFileType = sourcecode.swift; path = ServicesTests.swift; sourceTree = "<group>"; };
		22421A2322FD5F7000FE1EC2 /* CityGuide.app */ = {isa = PBXFileReference; explicitFileType = wrapper.application; includeInIndex = 0; path = CityGuide.app; sourceTree = BUILT_PRODUCTS_DIR; };
		22421A2622FD5F7000FE1EC2 /* AppDelegate.swift */ = {isa = PBXFileReference; lastKnownFileType = sourcecode.swift; path = AppDelegate.swift; sourceTree = "<group>"; };
		22421A2B22FD5F7000FE1EC2 /* Base */ = {isa = PBXFileReference; lastKnownFileType = file.storyboard; name = Base; path = Base.lproj/Main.storyboard; sourceTree = "<group>"; };
		22421A2E22FD5F7000FE1EC2 /* CityGuide.xcdatamodel */ = {isa = PBXFileReference; lastKnownFileType = wrapper.xcdatamodel; path = CityGuide.xcdatamodel; sourceTree = "<group>"; };
		22421A3022FD5F7300FE1EC2 /* Assets.xcassets */ = {isa = PBXFileReference; lastKnownFileType = folder.assetcatalog; path = Assets.xcassets; sourceTree = "<group>"; };
		22421A3322FD5F7300FE1EC2 /* Base */ = {isa = PBXFileReference; lastKnownFileType = file.storyboard; name = Base; path = Base.lproj/LaunchScreen.storyboard; sourceTree = "<group>"; };
		22421A3522FD5F7300FE1EC2 /* Info.plist */ = {isa = PBXFileReference; lastKnownFileType = text.plist.xml; path = Info.plist; sourceTree = "<group>"; };
		22421A3A22FD5F7300FE1EC2 /* CityGuideTests.xctest */ = {isa = PBXFileReference; explicitFileType = wrapper.cfbundle; includeInIndex = 0; path = CityGuideTests.xctest; sourceTree = BUILT_PRODUCTS_DIR; };
		22421A3E22FD5F7300FE1EC2 /* CityGuideTests.swift */ = {isa = PBXFileReference; lastKnownFileType = sourcecode.swift; path = CityGuideTests.swift; sourceTree = "<group>"; };
		22421A4022FD5F7300FE1EC2 /* Info.plist */ = {isa = PBXFileReference; lastKnownFileType = text.plist.xml; path = Info.plist; sourceTree = "<group>"; };
		22678064230400DA00DE4D2C /* CityWeatherTableViewCell.swift */ = {isa = PBXFileReference; lastKnownFileType = sourcecode.swift; path = CityWeatherTableViewCell.swift; sourceTree = "<group>"; };
		22678065230400DA00DE4D2C /* CityWeatherTableViewCell.xib */ = {isa = PBXFileReference; lastKnownFileType = file.xib; path = CityWeatherTableViewCell.xib; sourceTree = "<group>"; };
		2267806923041A1C00DE4D2C /* AttractionMapViewController.swift */ = {isa = PBXFileReference; lastKnownFileType = sourcecode.swift; path = AttractionMapViewController.swift; sourceTree = "<group>"; };
		2267806A23041A1C00DE4D2C /* AttractionMapViewController.xib */ = {isa = PBXFileReference; lastKnownFileType = file.xib; path = AttractionMapViewController.xib; sourceTree = "<group>"; };
		2267806E23042BCB00DE4D2C /* AttractionOnMapPresenter.swift */ = {isa = PBXFileReference; lastKnownFileType = sourcecode.swift; path = AttractionOnMapPresenter.swift; sourceTree = "<group>"; };
		22A621D022FD630600312115 /* Region.swift */ = {isa = PBXFileReference; fileEncoding = 4; lastKnownFileType = sourcecode.swift; path = Region.swift; sourceTree = "<group>"; };
		22A621D122FD630600312115 /* Wind.swift */ = {isa = PBXFileReference; fileEncoding = 4; lastKnownFileType = sourcecode.swift; path = Wind.swift; sourceTree = "<group>"; };
		22A621D222FD630600312115 /* Country.swift */ = {isa = PBXFileReference; fileEncoding = 4; lastKnownFileType = sourcecode.swift; path = Country.swift; sourceTree = "<group>"; };
		22A621D322FD630600312115 /* WeatherForecast.swift */ = {isa = PBXFileReference; fileEncoding = 4; lastKnownFileType = sourcecode.swift; path = WeatherForecast.swift; sourceTree = "<group>"; };
		22A621D922FD635200312115 /* LocationManager.swift */ = {isa = PBXFileReference; fileEncoding = 4; lastKnownFileType = sourcecode.swift; path = LocationManager.swift; sourceTree = "<group>"; };
		22A621DA22FD635200312115 /* CoreDataStack.swift */ = {isa = PBXFileReference; fileEncoding = 4; lastKnownFileType = sourcecode.swift; path = CoreDataStack.swift; sourceTree = "<group>"; };
		22A621DB22FD635200312115 /* CountriesService.swift */ = {isa = PBXFileReference; fileEncoding = 4; lastKnownFileType = sourcecode.swift; path = CountriesService.swift; sourceTree = "<group>"; };
		22A621DC22FD635200312115 /* WeatherService.swift */ = {isa = PBXFileReference; fileEncoding = 4; lastKnownFileType = sourcecode.swift; path = WeatherService.swift; sourceTree = "<group>"; };
		22A621E222FD639600312115 /* String.swift */ = {isa = PBXFileReference; fileEncoding = 4; lastKnownFileType = sourcecode.swift; path = String.swift; sourceTree = "<group>"; };
		22A621E522FD63EC00312115 /* AppSandbox.plist */ = {isa = PBXFileReference; fileEncoding = 4; lastKnownFileType = text.plist.xml; path = AppSandbox.plist; sourceTree = "<group>"; };
		22A621E722FD675900312115 /* Reachability.swift */ = {isa = PBXFileReference; lastKnownFileType = sourcecode.swift; path = Reachability.swift; sourceTree = "<group>"; };
		22A621E922FD798700312115 /* Attraction.swift */ = {isa = PBXFileReference; lastKnownFileType = sourcecode.swift; path = Attraction.swift; sourceTree = "<group>"; };
		22A621EB22FD7EC200312115 /* AttractionLink.swift */ = {isa = PBXFileReference; lastKnownFileType = sourcecode.swift; path = AttractionLink.swift; sourceTree = "<group>"; };
		22A621ED22FD817F00312115 /* AttractionService.swift */ = {isa = PBXFileReference; lastKnownFileType = sourcecode.swift; path = AttractionService.swift; sourceTree = "<group>"; };
		22A621EF22FDA97100312115 /* AttractionResults.swift */ = {isa = PBXFileReference; lastKnownFileType = sourcecode.swift; path = AttractionResults.swift; sourceTree = "<group>"; };
		22A621F122FDB5E000312115 /* AttractionLocation.swift */ = {isa = PBXFileReference; lastKnownFileType = sourcecode.swift; path = AttractionLocation.swift; sourceTree = "<group>"; };
		22A621FE22FF5BBC00312115 /* RegionsListViewController.swift */ = {isa = PBXFileReference; fileEncoding = 4; lastKnownFileType = sourcecode.swift; path = RegionsListViewController.swift; sourceTree = "<group>"; };
		22A622012300063D00312115 /* RegionCell.xib */ = {isa = PBXFileReference; fileEncoding = 4; lastKnownFileType = file.xib; path = RegionCell.xib; sourceTree = "<group>"; };
		22A622022300063D00312115 /* RegionCell.swift */ = {isa = PBXFileReference; fileEncoding = 4; lastKnownFileType = sourcecode.swift; path = RegionCell.swift; sourceTree = "<group>"; };
		22A6220723000DFF00312115 /* RegionsListPresenter.swift */ = {isa = PBXFileReference; lastKnownFileType = sourcecode.swift; path = RegionsListPresenter.swift; sourceTree = "<group>"; };
		22CE428E2300989D0013DFA4 /* View.swift */ = {isa = PBXFileReference; lastKnownFileType = sourcecode.swift; path = View.swift; sourceTree = "<group>"; };
		22CE42912300993F0013DFA4 /* RegionDetailsViewController.swift */ = {isa = PBXFileReference; lastKnownFileType = sourcecode.swift; path = RegionDetailsViewController.swift; sourceTree = "<group>"; };
		22CE429C230162700013DFA4 /* RegionHeaderView.swift */ = {isa = PBXFileReference; lastKnownFileType = sourcecode.swift; path = RegionHeaderView.swift; sourceTree = "<group>"; };
		22CE429E230162760013DFA4 /* RegionHeaderView.xib */ = {isa = PBXFileReference; lastKnownFileType = file.xib; path = RegionHeaderView.xib; sourceTree = "<group>"; };
		22CE42A0230163960013DFA4 /* UIImage.swift */ = {isa = PBXFileReference; lastKnownFileType = sourcecode.swift; path = UIImage.swift; sourceTree = "<group>"; };
		22CE42A523016B350013DFA4 /* CountryTableViewCell.swift */ = {isa = PBXFileReference; lastKnownFileType = sourcecode.swift; path = CountryTableViewCell.swift; sourceTree = "<group>"; };
		22CE42A623016B350013DFA4 /* CountryTableViewCell.xib */ = {isa = PBXFileReference; lastKnownFileType = file.xib; path = CountryTableViewCell.xib; sourceTree = "<group>"; };
		22CE42B02301A5040013DFA4 /* RegionDetailsViewController.xib */ = {isa = PBXFileReference; fileEncoding = 4; lastKnownFileType = file.xib; path = RegionDetailsViewController.xib; sourceTree = "<group>"; };
		22CE42B42301A9F40013DFA4 /* RegionDetailsPresenter.swift */ = {isa = PBXFileReference; lastKnownFileType = sourcecode.swift; name = RegionDetailsPresenter.swift; path = CityGuide/RegionDetail/Controller/RegionDetailsPresenter.swift; sourceTree = SOURCE_ROOT; };
		22D62869230298E700FA71EB /* AppRouter.swift */ = {isa = PBXFileReference; lastKnownFileType = sourcecode.swift; path = AppRouter.swift; sourceTree = "<group>"; };
		22D6286C23029F8200FA71EB /* CountryDetailsViewController.swift */ = {isa = PBXFileReference; lastKnownFileType = sourcecode.swift; path = CountryDetailsViewController.swift; sourceTree = "<group>"; };
		22D6286D23029F8200FA71EB /* CountryDetailsViewController.xib */ = {isa = PBXFileReference; lastKnownFileType = file.xib; path = CountryDetailsViewController.xib; sourceTree = "<group>"; };
		22D98D8F2302A6F800014411 /* CountryDetailsPresenter.swift */ = {isa = PBXFileReference; lastKnownFileType = sourcecode.swift; path = CountryDetailsPresenter.swift; sourceTree = "<group>"; };
		22D98D922302B11000014411 /* CityImagesTableHeaderView.swift */ = {isa = PBXFileReference; lastKnownFileType = sourcecode.swift; path = CityImagesTableHeaderView.swift; sourceTree = "<group>"; };
		22D98D942302B12100014411 /* CityImagesTableHeaderView.xib */ = {isa = PBXFileReference; lastKnownFileType = file.xib; path = CityImagesTableHeaderView.xib; sourceTree = "<group>"; };
		22D98D962302BE1800014411 /* CityImagesService.swift */ = {isa = PBXFileReference; lastKnownFileType = sourcecode.swift; path = CityImagesService.swift; sourceTree = "<group>"; };
		22D98D982302C0C800014411 /* CountryImage.swift */ = {isa = PBXFileReference; lastKnownFileType = sourcecode.swift; path = CountryImage.swift; sourceTree = "<group>"; };
		22D98D9C2302FD2A00014411 /* AttractionTableViewCell.swift */ = {isa = PBXFileReference; lastKnownFileType = sourcecode.swift; path = AttractionTableViewCell.swift; sourceTree = "<group>"; };
		22D98D9D2302FD2A00014411 /* AttractionTableViewCell.xib */ = {isa = PBXFileReference; lastKnownFileType = file.xib; path = AttractionTableViewCell.xib; sourceTree = "<group>"; };
		22D98DA12303055600014411 /* AttractionTableHeaderView.swift */ = {isa = PBXFileReference; lastKnownFileType = sourcecode.swift; path = AttractionTableHeaderView.swift; sourceTree = "<group>"; };
		22D98DA32303057500014411 /* AttractionTableHeaderView.xib */ = {isa = PBXFileReference; lastKnownFileType = file.xib; path = AttractionTableHeaderView.xib; sourceTree = "<group>"; };
		22F0743F23045059008A0DC6 /* SavedCountry+CoreDataClass.swift */ = {isa = PBXFileReference; lastKnownFileType = sourcecode.swift; path = "SavedCountry+CoreDataClass.swift"; sourceTree = "<group>"; };
		22F0744023045059008A0DC6 /* SavedCountry+CoreDataProperties.swift */ = {isa = PBXFileReference; lastKnownFileType = sourcecode.swift; path = "SavedCountry+CoreDataProperties.swift"; sourceTree = "<group>"; };
		22F0744123045059008A0DC6 /* SavedAttraction+CoreDataClass.swift */ = {isa = PBXFileReference; lastKnownFileType = sourcecode.swift; path = "SavedAttraction+CoreDataClass.swift"; sourceTree = "<group>"; };
		22F0744223045059008A0DC6 /* SavedAttraction+CoreDataProperties.swift */ = {isa = PBXFileReference; lastKnownFileType = sourcecode.swift; path = "SavedAttraction+CoreDataProperties.swift"; sourceTree = "<group>"; };
		22F0744923045279008A0DC6 /* SavedRegion+CoreDataClass.swift */ = {isa = PBXFileReference; lastKnownFileType = sourcecode.swift; path = "SavedRegion+CoreDataClass.swift"; sourceTree = "<group>"; };
		22F0744A23045279008A0DC6 /* SavedRegion+CoreDataProperties.swift */ = {isa = PBXFileReference; lastKnownFileType = sourcecode.swift; path = "SavedRegion+CoreDataProperties.swift"; sourceTree = "<group>"; };
		606B8AC5251CA07F008F35F7 /* UIColor.swift */ = {isa = PBXFileReference; lastKnownFileType = sourcecode.swift; path = UIColor.swift; sourceTree = "<group>"; };
/* End PBXFileReference section */

/* Begin PBXFrameworksBuildPhase section */
		22421A2022FD5F7000FE1EC2 /* Frameworks */ = {
			isa = PBXFrameworksBuildPhase;
			buildActionMask = 2147483647;
			files = (
			);
			runOnlyForDeploymentPostprocessing = 0;
		};
		22421A3722FD5F7300FE1EC2 /* Frameworks */ = {
			isa = PBXFrameworksBuildPhase;
			buildActionMask = 2147483647;
			files = (
			);
			runOnlyForDeploymentPostprocessing = 0;
		};
/* End PBXFrameworksBuildPhase section */

/* Begin PBXGroup section */
		22421A1A22FD5F7000FE1EC2 = {
			isa = PBXGroup;
			children = (
				22421A2522FD5F7000FE1EC2 /* CityGuide */,
				22421A3D22FD5F7300FE1EC2 /* CityGuideTests */,
				22421A2422FD5F7000FE1EC2 /* Products */,
			);
			sourceTree = "<group>";
		};
		22421A2422FD5F7000FE1EC2 /* Products */ = {
			isa = PBXGroup;
			children = (
				22421A2322FD5F7000FE1EC2 /* CityGuide.app */,
				22421A3A22FD5F7300FE1EC2 /* CityGuideTests.xctest */,
			);
			name = Products;
			sourceTree = "<group>";
		};
		22421A2522FD5F7000FE1EC2 /* CityGuide */ = {
			isa = PBXGroup;
			children = (
				22D62868230298CF00FA71EB /* Routing */,
				226780682304199E00DE4D2C /* AttractionOnMap */,
				22D6286B23029E4D00FA71EB /* CountryDetails */,
				22CE42902300991C0013DFA4 /* RegionDetail */,
				22A622002300062B00312115 /* RegionsList */,
				22A621E422FD63EC00312115 /* Keys */,
				22A621D822FD633A00312115 /* Services */,
				22A621CF22FD630600312115 /* Models */,
				22421A2622FD5F7000FE1EC2 /* AppDelegate.swift */,
				22A647392304497900741E86 /* CoreData */,
				22421A2A22FD5F7000FE1EC2 /* Main.storyboard */,
				22A621E122FD639600312115 /* Extensions */,
				22421A3022FD5F7300FE1EC2 /* Assets.xcassets */,
				22421A3222FD5F7300FE1EC2 /* LaunchScreen.storyboard */,
				22421A3522FD5F7300FE1EC2 /* Info.plist */,
			);
			path = CityGuide;
			sourceTree = "<group>";
		};
		22421A3D22FD5F7300FE1EC2 /* CityGuideTests */ = {
			isa = PBXGroup;
			children = (
				22421A3E22FD5F7300FE1EC2 /* CityGuideTests.swift */,
				2232FD142305825100A13522 /* ServicesTests.swift */,
				22421A4022FD5F7300FE1EC2 /* Info.plist */,
			);
			path = CityGuideTests;
			sourceTree = "<group>";
		};
		22678063230400B300DE4D2C /* WeatherCell */ = {
			isa = PBXGroup;
			children = (
				22678064230400DA00DE4D2C /* CityWeatherTableViewCell.swift */,
				22678065230400DA00DE4D2C /* CityWeatherTableViewCell.xib */,
			);
			path = WeatherCell;
			sourceTree = "<group>";
		};
		226780682304199E00DE4D2C /* AttractionOnMap */ = {
			isa = PBXGroup;
			children = (
				2267806D23042BB700DE4D2C /* AttractionOnMapPresenter */,
			);
			path = AttractionOnMap;
			sourceTree = "<group>";
		};
		2267806D23042BB700DE4D2C /* AttractionOnMapPresenter */ = {
			isa = PBXGroup;
			children = (
				2267807123042EC800DE4D2C /* Presenter */,
				2267807023042EBF00DE4D2C /* Controller */,
			);
			path = AttractionOnMapPresenter;
			sourceTree = "<group>";
		};
		2267807023042EBF00DE4D2C /* Controller */ = {
			isa = PBXGroup;
			children = (
				2267806923041A1C00DE4D2C /* AttractionMapViewController.swift */,
				2267806A23041A1C00DE4D2C /* AttractionMapViewController.xib */,
			);
			path = Controller;
			sourceTree = "<group>";
		};
		2267807123042EC800DE4D2C /* Presenter */ = {
			isa = PBXGroup;
			children = (
				2267806E23042BCB00DE4D2C /* AttractionOnMapPresenter.swift */,
			);
			path = Presenter;
			sourceTree = "<group>";
		};
		226780722304304C00DE4D2C /* Controller */ = {
			isa = PBXGroup;
			children = (
				22A621FE22FF5BBC00312115 /* RegionsListViewController.swift */,
			);
			path = Controller;
			sourceTree = "<group>";
		};
		22A621CF22FD630600312115 /* Models */ = {
			isa = PBXGroup;
			children = (
				22A621F422FDB70200312115 /* Country */,
				22A621F322FDB6F700312115 /* Weather */,
				22A621F522FDB71400312115 /* Attraction */,
			);
			path = Models;
			sourceTree = "<group>";
		};
		22A621D822FD633A00312115 /* Services */ = {
			isa = PBXGroup;
			children = (
				22A621DB22FD635200312115 /* CountriesService.swift */,
				22A621D922FD635200312115 /* LocationManager.swift */,
				22A621DC22FD635200312115 /* WeatherService.swift */,
				22A621ED22FD817F00312115 /* AttractionService.swift */,
				22D98D962302BE1800014411 /* CityImagesService.swift */,
				22A621E722FD675900312115 /* Reachability.swift */,
			);
			path = Services;
			sourceTree = "<group>";
		};
		22A621E122FD639600312115 /* Extensions */ = {
			isa = PBXGroup;
			children = (
				22A621E222FD639600312115 /* String.swift */,
				22CE428E2300989D0013DFA4 /* View.swift */,
				606B8AC5251CA07F008F35F7 /* UIColor.swift */,
				22CE42A0230163960013DFA4 /* UIImage.swift */,
			);
			path = Extensions;
			sourceTree = "<group>";
		};
		22A621E422FD63EC00312115 /* Keys */ = {
			isa = PBXGroup;
			children = (
				22A621E522FD63EC00312115 /* AppSandbox.plist */,
			);
			path = Keys;
			sourceTree = "<group>";
		};
		22A621F322FDB6F700312115 /* Weather */ = {
			isa = PBXGroup;
			children = (
				22A621D122FD630600312115 /* Wind.swift */,
				22A621D322FD630600312115 /* WeatherForecast.swift */,
			);
			path = Weather;
			sourceTree = "<group>";
		};
		22A621F422FDB70200312115 /* Country */ = {
			isa = PBXGroup;
			children = (
				22A621D022FD630600312115 /* Region.swift */,
				22A621D222FD630600312115 /* Country.swift */,
				22D98D982302C0C800014411 /* CountryImage.swift */,
			);
			path = Country;
			sourceTree = "<group>";
		};
		22A621F522FDB71400312115 /* Attraction */ = {
			isa = PBXGroup;
			children = (
				22A621E922FD798700312115 /* Attraction.swift */,
				22A621EB22FD7EC200312115 /* AttractionLink.swift */,
				22A621EF22FDA97100312115 /* AttractionResults.swift */,
				22A621F122FDB5E000312115 /* AttractionLocation.swift */,
			);
			path = Attraction;
			sourceTree = "<group>";
		};
		22A622002300062B00312115 /* RegionsList */ = {
			isa = PBXGroup;
			children = (
				226780722304304C00DE4D2C /* Controller */,
				22A6220623000DEB00312115 /* Presenter */,
				22A6220523000DE000312115 /* Views */,
			);
			path = RegionsList;
			sourceTree = "<group>";
		};
		22A6220523000DE000312115 /* Views */ = {
			isa = PBXGroup;
			children = (
				22A622022300063D00312115 /* RegionCell.swift */,
				22A622012300063D00312115 /* RegionCell.xib */,
			);
			path = Views;
			sourceTree = "<group>";
		};
		22A6220623000DEB00312115 /* Presenter */ = {
			isa = PBXGroup;
			children = (
				22A6220723000DFF00312115 /* RegionsListPresenter.swift */,
			);
			path = Presenter;
			sourceTree = "<group>";
		};
		22A647392304497900741E86 /* CoreData */ = {
			isa = PBXGroup;
			children = (
				22A6473A230449F700741E86 /* Entitys */,
				22A6473B23044A0300741E86 /* Stack */,
				22421A2D22FD5F7000FE1EC2 /* CityGuide.xcdatamodeld */,
			);
			path = CoreData;
			sourceTree = "<group>";
		};
		22A6473A230449F700741E86 /* Entitys */ = {
			isa = PBXGroup;
			children = (
				22F0744923045279008A0DC6 /* SavedRegion+CoreDataClass.swift */,
				22F0744A23045279008A0DC6 /* SavedRegion+CoreDataProperties.swift */,
				22F0743F23045059008A0DC6 /* SavedCountry+CoreDataClass.swift */,
				22F0744023045059008A0DC6 /* SavedCountry+CoreDataProperties.swift */,
				22F0744123045059008A0DC6 /* SavedAttraction+CoreDataClass.swift */,
				22F0744223045059008A0DC6 /* SavedAttraction+CoreDataProperties.swift */,
			);
			path = Entitys;
			sourceTree = "<group>";
		};
		22A6473B23044A0300741E86 /* Stack */ = {
			isa = PBXGroup;
			children = (
				22A621DA22FD635200312115 /* CoreDataStack.swift */,
			);
			path = Stack;
			sourceTree = "<group>";
		};
		22CE42902300991C0013DFA4 /* RegionDetail */ = {
			isa = PBXGroup;
			children = (
				22CE42B32301A9A90013DFA4 /* Controller */,
				22CE42B22301A9A10013DFA4 /* Presenter */,
				22CE429B230162620013DFA4 /* Views */,
			);
			path = RegionDetail;
			sourceTree = "<group>";
		};
		22CE429A230162590013DFA4 /* TableHeaderView */ = {
			isa = PBXGroup;
			children = (
				22CE429C230162700013DFA4 /* RegionHeaderView.swift */,
				22CE429E230162760013DFA4 /* RegionHeaderView.xib */,
			);
			path = TableHeaderView;
			sourceTree = "<group>";
		};
		22CE429B230162620013DFA4 /* Views */ = {
			isa = PBXGroup;
			children = (
				22CE42A423016B180013DFA4 /* CountryCell */,
				22CE429A230162590013DFA4 /* TableHeaderView */,
			);
			path = Views;
			sourceTree = "<group>";
		};
		22CE42A423016B180013DFA4 /* CountryCell */ = {
			isa = PBXGroup;
			children = (
				22CE42A523016B350013DFA4 /* CountryTableViewCell.swift */,
				22CE42A623016B350013DFA4 /* CountryTableViewCell.xib */,
			);
			path = CountryCell;
			sourceTree = "<group>";
		};
		22CE42B22301A9A10013DFA4 /* Presenter */ = {
			isa = PBXGroup;
			children = (
				22CE42B42301A9F40013DFA4 /* RegionDetailsPresenter.swift */,
			);
			path = Presenter;
			sourceTree = "<group>";
		};
		22CE42B32301A9A90013DFA4 /* Controller */ = {
			isa = PBXGroup;
			children = (
				22CE42912300993F0013DFA4 /* RegionDetailsViewController.swift */,
				22CE42B02301A5040013DFA4 /* RegionDetailsViewController.xib */,
			);
			path = Controller;
			sourceTree = "<group>";
		};
		22D62868230298CF00FA71EB /* Routing */ = {
			isa = PBXGroup;
			children = (
				22D62869230298E700FA71EB /* AppRouter.swift */,
			);
			path = Routing;
			sourceTree = "<group>";
		};
		22D6286B23029E4D00FA71EB /* CountryDetails */ = {
			isa = PBXGroup;
			children = (
				22D98D912302B0BB00014411 /* Views */,
				22D98D8E2302A6E100014411 /* CountryDetailsPresenter */,
				22D628702302A56500FA71EB /* Controller */,
			);
			path = CountryDetails;
			sourceTree = "<group>";
		};
		22D628702302A56500FA71EB /* Controller */ = {
			isa = PBXGroup;
			children = (
				22D6286C23029F8200FA71EB /* CountryDetailsViewController.swift */,
				22D6286D23029F8200FA71EB /* CountryDetailsViewController.xib */,
			);
			path = Controller;
			sourceTree = "<group>";
		};
		22D98D8E2302A6E100014411 /* CountryDetailsPresenter */ = {
			isa = PBXGroup;
			children = (
				22D98D8F2302A6F800014411 /* CountryDetailsPresenter.swift */,
			);
			path = CountryDetailsPresenter;
			sourceTree = "<group>";
		};
		22D98D912302B0BB00014411 /* Views */ = {
			isa = PBXGroup;
			children = (
				22678063230400B300DE4D2C /* WeatherCell */,
				22D98DA02303053E00014411 /* AttractionHeader */,
				22D98D9B2302FD0300014411 /* AttractionCell */,
				22D98D9A2302FCFA00014411 /* Header */,
			);
			path = Views;
			sourceTree = "<group>";
		};
		22D98D9A2302FCFA00014411 /* Header */ = {
			isa = PBXGroup;
			children = (
				22D98D922302B11000014411 /* CityImagesTableHeaderView.swift */,
				22D98D942302B12100014411 /* CityImagesTableHeaderView.xib */,
			);
			path = Header;
			sourceTree = "<group>";
		};
		22D98D9B2302FD0300014411 /* AttractionCell */ = {
			isa = PBXGroup;
			children = (
				22D98D9C2302FD2A00014411 /* AttractionTableViewCell.swift */,
				22D98D9D2302FD2A00014411 /* AttractionTableViewCell.xib */,
			);
			path = AttractionCell;
			sourceTree = "<group>";
		};
		22D98DA02303053E00014411 /* AttractionHeader */ = {
			isa = PBXGroup;
			children = (
				22D98DA12303055600014411 /* AttractionTableHeaderView.swift */,
				22D98DA32303057500014411 /* AttractionTableHeaderView.xib */,
			);
			path = AttractionHeader;
			sourceTree = "<group>";
		};
/* End PBXGroup section */

/* Begin PBXNativeTarget section */
		22421A2222FD5F7000FE1EC2 /* CityGuide */ = {
			isa = PBXNativeTarget;
			buildConfigurationList = 22421A4322FD5F7300FE1EC2 /* Build configuration list for PBXNativeTarget "CityGuide" */;
			buildPhases = (
				22421A1F22FD5F7000FE1EC2 /* Sources */,
				22421A2022FD5F7000FE1EC2 /* Frameworks */,
				22421A2122FD5F7000FE1EC2 /* Resources */,
			);
			buildRules = (
			);
			dependencies = (
			);
			name = CityGuide;
			productName = CityGuide;
			productReference = 22421A2322FD5F7000FE1EC2 /* CityGuide.app */;
			productType = "com.apple.product-type.application";
		};
		22421A3922FD5F7300FE1EC2 /* CityGuideTests */ = {
			isa = PBXNativeTarget;
			buildConfigurationList = 22421A4622FD5F7300FE1EC2 /* Build configuration list for PBXNativeTarget "CityGuideTests" */;
			buildPhases = (
				22421A3622FD5F7300FE1EC2 /* Sources */,
				22421A3722FD5F7300FE1EC2 /* Frameworks */,
				22421A3822FD5F7300FE1EC2 /* Resources */,
			);
			buildRules = (
			);
			dependencies = (
				22421A3C22FD5F7300FE1EC2 /* PBXTargetDependency */,
			);
			name = CityGuideTests;
			productName = CityGuideTests;
			productReference = 22421A3A22FD5F7300FE1EC2 /* CityGuideTests.xctest */;
			productType = "com.apple.product-type.bundle.unit-test";
		};
/* End PBXNativeTarget section */

/* Begin PBXProject section */
		22421A1B22FD5F7000FE1EC2 /* Project object */ = {
			isa = PBXProject;
			attributes = {
				LastSwiftUpdateCheck = 1030;
				LastUpgradeCheck = 1200;
				ORGANIZATIONNAME = "Evgeniy Levin";
				TargetAttributes = {
					22421A2222FD5F7000FE1EC2 = {
						CreatedOnToolsVersion = 10.3;
					};
					22421A3922FD5F7300FE1EC2 = {
						CreatedOnToolsVersion = 10.3;
						TestTargetID = 22421A2222FD5F7000FE1EC2;
					};
				};
			};
			buildConfigurationList = 22421A1E22FD5F7000FE1EC2 /* Build configuration list for PBXProject "CityGuide" */;
			compatibilityVersion = "Xcode 9.3";
			developmentRegion = en;
			hasScannedForEncodings = 0;
			knownRegions = (
				en,
				Base,
			);
			mainGroup = 22421A1A22FD5F7000FE1EC2;
			productRefGroup = 22421A2422FD5F7000FE1EC2 /* Products */;
			projectDirPath = "";
			projectRoot = "";
			targets = (
				22421A2222FD5F7000FE1EC2 /* CityGuide */,
				22421A3922FD5F7300FE1EC2 /* CityGuideTests */,
			);
		};
/* End PBXProject section */

/* Begin PBXResourcesBuildPhase section */
		22421A2122FD5F7000FE1EC2 /* Resources */ = {
			isa = PBXResourcesBuildPhase;
			buildActionMask = 2147483647;
			files = (
				22CE42A823016B350013DFA4 /* CountryTableViewCell.xib in Resources */,
				22CE42B12301A5050013DFA4 /* RegionDetailsViewController.xib in Resources */,
				22D98D9F2302FD2A00014411 /* AttractionTableViewCell.xib in Resources */,
				22D98DA42303057500014411 /* AttractionTableHeaderView.xib in Resources */,
				2267806C23041A1C00DE4D2C /* AttractionMapViewController.xib in Resources */,
				22421A3422FD5F7300FE1EC2 /* LaunchScreen.storyboard in Resources */,
				22421A3122FD5F7300FE1EC2 /* Assets.xcassets in Resources */,
				22678067230400DA00DE4D2C /* CityWeatherTableViewCell.xib in Resources */,
				22A622032300063D00312115 /* RegionCell.xib in Resources */,
				22A621E622FD63EC00312115 /* AppSandbox.plist in Resources */,
				22CE429F230162760013DFA4 /* RegionHeaderView.xib in Resources */,
				22421A2C22FD5F7000FE1EC2 /* Main.storyboard in Resources */,
				22D6286F23029F8200FA71EB /* CountryDetailsViewController.xib in Resources */,
				22D98D952302B12100014411 /* CityImagesTableHeaderView.xib in Resources */,
			);
			runOnlyForDeploymentPostprocessing = 0;
		};
		22421A3822FD5F7300FE1EC2 /* Resources */ = {
			isa = PBXResourcesBuildPhase;
			buildActionMask = 2147483647;
			files = (
			);
			runOnlyForDeploymentPostprocessing = 0;
		};
/* End PBXResourcesBuildPhase section */

/* Begin PBXSourcesBuildPhase section */
		22421A1F22FD5F7000FE1EC2 /* Sources */ = {
			isa = PBXSourcesBuildPhase;
			buildActionMask = 2147483647;
			files = (
				22F0744823045059008A0DC6 /* SavedAttraction+CoreDataProperties.swift in Sources */,
				22A621D422FD630600312115 /* Region.swift in Sources */,
				22A621D722FD630600312115 /* WeatherForecast.swift in Sources */,
				22A621E022FD635200312115 /* WeatherService.swift in Sources */,
				22A621D522FD630600312115 /* Wind.swift in Sources */,
				22D98D992302C0C800014411 /* CountryImage.swift in Sources */,
				22A621DE22FD635200312115 /* CoreDataStack.swift in Sources */,
				2267806B23041A1C00DE4D2C /* AttractionMapViewController.swift in Sources */,
				22D6286A230298E700FA71EB /* AppRouter.swift in Sources */,
				22A621E322FD639600312115 /* String.swift in Sources */,
				22F0744C23045279008A0DC6 /* SavedRegion+CoreDataProperties.swift in Sources */,
				2267806F23042BCB00DE4D2C /* AttractionOnMapPresenter.swift in Sources */,
				22CE42932300993F0013DFA4 /* RegionDetailsViewController.swift in Sources */,
				22CE429D230162700013DFA4 /* RegionHeaderView.swift in Sources */,
				22D98D932302B11000014411 /* CityImagesTableHeaderView.swift in Sources */,
				22A621EC22FD7EC200312115 /* AttractionLink.swift in Sources */,
				22D98D902302A6F800014411 /* CountryDetailsPresenter.swift in Sources */,
				22D98DA22303055600014411 /* AttractionTableHeaderView.swift in Sources */,
				22CE42A1230163960013DFA4 /* UIImage.swift in Sources */,
				22A621DD22FD635200312115 /* LocationManager.swift in Sources */,
				22421A2F22FD5F7000FE1EC2 /* CityGuide.xcdatamodeld in Sources */,
				22A621D622FD630600312115 /* Country.swift in Sources */,
				22A621F222FDB5E000312115 /* AttractionLocation.swift in Sources */,
				22A621EA22FD798700312115 /* Attraction.swift in Sources */,
				22CE42B52301A9F40013DFA4 /* RegionDetailsPresenter.swift in Sources */,
				22A6220823000DFF00312115 /* RegionsListPresenter.swift in Sources */,
				22A621EE22FD817F00312115 /* AttractionService.swift in Sources */,
				22F0744623045059008A0DC6 /* SavedCountry+CoreDataProperties.swift in Sources */,
				22F0744723045059008A0DC6 /* SavedAttraction+CoreDataClass.swift in Sources */,
				606B8AC6251CA07F008F35F7 /* UIColor.swift in Sources */,
				22678066230400DA00DE4D2C /* CityWeatherTableViewCell.swift in Sources */,
				22F0744523045059008A0DC6 /* SavedCountry+CoreDataClass.swift in Sources */,
				22A621DF22FD635200312115 /* CountriesService.swift in Sources */,
				22A622042300063D00312115 /* RegionCell.swift in Sources */,
				22CE42A723016B350013DFA4 /* CountryTableViewCell.swift in Sources */,
				22D6286E23029F8200FA71EB /* CountryDetailsViewController.swift in Sources */,
				22421A2722FD5F7000FE1EC2 /* AppDelegate.swift in Sources */,
				22A621E822FD675900312115 /* Reachability.swift in Sources */,
				22CE428F2300989D0013DFA4 /* View.swift in Sources */,
				22A621FF22FF5BBC00312115 /* RegionsListViewController.swift in Sources */,
				22D98D972302BE1800014411 /* CityImagesService.swift in Sources */,
				22D98D9E2302FD2A00014411 /* AttractionTableViewCell.swift in Sources */,
				22A621F022FDA97100312115 /* AttractionResults.swift in Sources */,
				22F0744B23045279008A0DC6 /* SavedRegion+CoreDataClass.swift in Sources */,
			);
			runOnlyForDeploymentPostprocessing = 0;
		};
		22421A3622FD5F7300FE1EC2 /* Sources */ = {
			isa = PBXSourcesBuildPhase;
			buildActionMask = 2147483647;
			files = (
				2232FD152305825100A13522 /* ServicesTests.swift in Sources */,
				22421A3F22FD5F7300FE1EC2 /* CityGuideTests.swift in Sources */,
			);
			runOnlyForDeploymentPostprocessing = 0;
		};
/* End PBXSourcesBuildPhase section */

/* Begin PBXTargetDependency section */
		22421A3C22FD5F7300FE1EC2 /* PBXTargetDependency */ = {
			isa = PBXTargetDependency;
			target = 22421A2222FD5F7000FE1EC2 /* CityGuide */;
			targetProxy = 22421A3B22FD5F7300FE1EC2 /* PBXContainerItemProxy */;
		};
/* End PBXTargetDependency section */

/* Begin PBXVariantGroup section */
		22421A2A22FD5F7000FE1EC2 /* Main.storyboard */ = {
			isa = PBXVariantGroup;
			children = (
				22421A2B22FD5F7000FE1EC2 /* Base */,
			);
			name = Main.storyboard;
			sourceTree = "<group>";
		};
		22421A3222FD5F7300FE1EC2 /* LaunchScreen.storyboard */ = {
			isa = PBXVariantGroup;
			children = (
				22421A3322FD5F7300FE1EC2 /* Base */,
			);
			name = LaunchScreen.storyboard;
			sourceTree = "<group>";
		};
/* End PBXVariantGroup section */

/* Begin XCBuildConfiguration section */
		22421A4122FD5F7300FE1EC2 /* Debug */ = {
			isa = XCBuildConfiguration;
			buildSettings = {
				ALWAYS_SEARCH_USER_PATHS = NO;
				CLANG_ANALYZER_NONNULL = YES;
				CLANG_ANALYZER_NUMBER_OBJECT_CONVERSION = YES_AGGRESSIVE;
				CLANG_CXX_LANGUAGE_STANDARD = "gnu++14";
				CLANG_CXX_LIBRARY = "libc++";
				CLANG_ENABLE_MODULES = YES;
				CLANG_ENABLE_OBJC_ARC = YES;
				CLANG_ENABLE_OBJC_WEAK = YES;
				CLANG_WARN_BLOCK_CAPTURE_AUTORELEASING = YES;
				CLANG_WARN_BOOL_CONVERSION = YES;
				CLANG_WARN_COMMA = YES;
				CLANG_WARN_CONSTANT_CONVERSION = YES;
				CLANG_WARN_DEPRECATED_OBJC_IMPLEMENTATIONS = YES;
				CLANG_WARN_DIRECT_OBJC_ISA_USAGE = YES_ERROR;
				CLANG_WARN_DOCUMENTATION_COMMENTS = YES;
				CLANG_WARN_EMPTY_BODY = YES;
				CLANG_WARN_ENUM_CONVERSION = YES;
				CLANG_WARN_INFINITE_RECURSION = YES;
				CLANG_WARN_INT_CONVERSION = YES;
				CLANG_WARN_NON_LITERAL_NULL_CONVERSION = YES;
				CLANG_WARN_OBJC_IMPLICIT_RETAIN_SELF = YES;
				CLANG_WARN_OBJC_LITERAL_CONVERSION = YES;
				CLANG_WARN_OBJC_ROOT_CLASS = YES_ERROR;
				CLANG_WARN_QUOTED_INCLUDE_IN_FRAMEWORK_HEADER = YES;
				CLANG_WARN_RANGE_LOOP_ANALYSIS = YES;
				CLANG_WARN_STRICT_PROTOTYPES = YES;
				CLANG_WARN_SUSPICIOUS_MOVE = YES;
				CLANG_WARN_UNGUARDED_AVAILABILITY = YES_AGGRESSIVE;
				CLANG_WARN_UNREACHABLE_CODE = YES;
				CLANG_WARN__DUPLICATE_METHOD_MATCH = YES;
				CODE_SIGN_IDENTITY = "iPhone Developer";
				COPY_PHASE_STRIP = NO;
				DEBUG_INFORMATION_FORMAT = dwarf;
				ENABLE_STRICT_OBJC_MSGSEND = YES;
				ENABLE_TESTABILITY = YES;
				GCC_C_LANGUAGE_STANDARD = gnu11;
				GCC_DYNAMIC_NO_PIC = NO;
				GCC_NO_COMMON_BLOCKS = YES;
				GCC_OPTIMIZATION_LEVEL = 0;
				GCC_PREPROCESSOR_DEFINITIONS = (
					"DEBUG=1",
					"$(inherited)",
				);
				GCC_WARN_64_TO_32_BIT_CONVERSION = YES;
				GCC_WARN_ABOUT_RETURN_TYPE = YES_ERROR;
				GCC_WARN_UNDECLARED_SELECTOR = YES;
				GCC_WARN_UNINITIALIZED_AUTOS = YES_AGGRESSIVE;
				GCC_WARN_UNUSED_FUNCTION = YES;
				GCC_WARN_UNUSED_VARIABLE = YES;
				IPHONEOS_DEPLOYMENT_TARGET = 13.0;
				MTL_ENABLE_DEBUG_INFO = INCLUDE_SOURCE;
				MTL_FAST_MATH = YES;
				ONLY_ACTIVE_ARCH = YES;
				SDKROOT = iphoneos;
				SWIFT_ACTIVE_COMPILATION_CONDITIONS = DEBUG;
				SWIFT_OPTIMIZATION_LEVEL = "-Onone";
			};
			name = Debug;
		};
		22421A4222FD5F7300FE1EC2 /* Release */ = {
			isa = XCBuildConfiguration;
			buildSettings = {
				ALWAYS_SEARCH_USER_PATHS = NO;
				CLANG_ANALYZER_NONNULL = YES;
				CLANG_ANALYZER_NUMBER_OBJECT_CONVERSION = YES_AGGRESSIVE;
				CLANG_CXX_LANGUAGE_STANDARD = "gnu++14";
				CLANG_CXX_LIBRARY = "libc++";
				CLANG_ENABLE_MODULES = YES;
				CLANG_ENABLE_OBJC_ARC = YES;
				CLANG_ENABLE_OBJC_WEAK = YES;
				CLANG_WARN_BLOCK_CAPTURE_AUTORELEASING = YES;
				CLANG_WARN_BOOL_CONVERSION = YES;
				CLANG_WARN_COMMA = YES;
				CLANG_WARN_CONSTANT_CONVERSION = YES;
				CLANG_WARN_DEPRECATED_OBJC_IMPLEMENTATIONS = YES;
				CLANG_WARN_DIRECT_OBJC_ISA_USAGE = YES_ERROR;
				CLANG_WARN_DOCUMENTATION_COMMENTS = YES;
				CLANG_WARN_EMPTY_BODY = YES;
				CLANG_WARN_ENUM_CONVERSION = YES;
				CLANG_WARN_INFINITE_RECURSION = YES;
				CLANG_WARN_INT_CONVERSION = YES;
				CLANG_WARN_NON_LITERAL_NULL_CONVERSION = YES;
				CLANG_WARN_OBJC_IMPLICIT_RETAIN_SELF = YES;
				CLANG_WARN_OBJC_LITERAL_CONVERSION = YES;
				CLANG_WARN_OBJC_ROOT_CLASS = YES_ERROR;
				CLANG_WARN_QUOTED_INCLUDE_IN_FRAMEWORK_HEADER = YES;
				CLANG_WARN_RANGE_LOOP_ANALYSIS = YES;
				CLANG_WARN_STRICT_PROTOTYPES = YES;
				CLANG_WARN_SUSPICIOUS_MOVE = YES;
				CLANG_WARN_UNGUARDED_AVAILABILITY = YES_AGGRESSIVE;
				CLANG_WARN_UNREACHABLE_CODE = YES;
				CLANG_WARN__DUPLICATE_METHOD_MATCH = YES;
				CODE_SIGN_IDENTITY = "iPhone Developer";
				COPY_PHASE_STRIP = NO;
				DEBUG_INFORMATION_FORMAT = "dwarf-with-dsym";
				ENABLE_NS_ASSERTIONS = NO;
				ENABLE_STRICT_OBJC_MSGSEND = YES;
				GCC_C_LANGUAGE_STANDARD = gnu11;
				GCC_NO_COMMON_BLOCKS = YES;
				GCC_WARN_64_TO_32_BIT_CONVERSION = YES;
				GCC_WARN_ABOUT_RETURN_TYPE = YES_ERROR;
				GCC_WARN_UNDECLARED_SELECTOR = YES;
				GCC_WARN_UNINITIALIZED_AUTOS = YES_AGGRESSIVE;
				GCC_WARN_UNUSED_FUNCTION = YES;
				GCC_WARN_UNUSED_VARIABLE = YES;
				IPHONEOS_DEPLOYMENT_TARGET = 13.0;
				MTL_ENABLE_DEBUG_INFO = NO;
				MTL_FAST_MATH = YES;
				SDKROOT = iphoneos;
				SWIFT_COMPILATION_MODE = wholemodule;
				SWIFT_OPTIMIZATION_LEVEL = "-O";
				VALIDATE_PRODUCT = YES;
			};
			name = Release;
		};
		22421A4422FD5F7300FE1EC2 /* Debug */ = {
			isa = XCBuildConfiguration;
			buildSettings = {
				ASSETCATALOG_COMPILER_APPICON_NAME = AppIcon;
				CODE_SIGN_STYLE = Automatic;
				DEVELOPMENT_TEAM = 6AABQB8S42;
				INFOPLIST_FILE = CityGuide/Info.plist;
				IPHONEOS_DEPLOYMENT_TARGET = 13.0;
				LD_RUNPATH_SEARCH_PATHS = (
					"$(inherited)",
					"@executable_path/Frameworks",
				);
				PRODUCT_BUNDLE_IDENTIFIER = com.evgenylevin.CityGuide;
				PRODUCT_NAME = "$(TARGET_NAME)";
				SWIFT_VERSION = 5.0;
				TARGETED_DEVICE_FAMILY = "1,2";
			};
			name = Debug;
		};
		22421A4522FD5F7300FE1EC2 /* Release */ = {
			isa = XCBuildConfiguration;
			buildSettings = {
				ASSETCATALOG_COMPILER_APPICON_NAME = AppIcon;
				CODE_SIGN_STYLE = Automatic;
				DEVELOPMENT_TEAM = 6AABQB8S42;
				INFOPLIST_FILE = CityGuide/Info.plist;
				IPHONEOS_DEPLOYMENT_TARGET = 13.0;
				LD_RUNPATH_SEARCH_PATHS = (
					"$(inherited)",
					"@executable_path/Frameworks",
				);
				PRODUCT_BUNDLE_IDENTIFIER = com.evgenylevin.CityGuide;
				PRODUCT_NAME = "$(TARGET_NAME)";
				SWIFT_VERSION = 5.0;
				TARGETED_DEVICE_FAMILY = "1,2";
			};
			name = Release;
		};
		22421A4722FD5F7300FE1EC2 /* Debug */ = {
			isa = XCBuildConfiguration;
			buildSettings = {
				ALWAYS_EMBED_SWIFT_STANDARD_LIBRARIES = YES;
				BUNDLE_LOADER = "$(TEST_HOST)";
				CODE_SIGN_STYLE = Automatic;
				DEVELOPMENT_TEAM = 6AABQB8S42;
				INFOPLIST_FILE = CityGuideTests/Info.plist;
				LD_RUNPATH_SEARCH_PATHS = (
					"$(inherited)",
					"@executable_path/Frameworks",
					"@loader_path/Frameworks",
				);
				PRODUCT_BUNDLE_IDENTIFIER = com.evgenylevin.CityGuideTests;
				PRODUCT_NAME = "$(TARGET_NAME)";
				SWIFT_VERSION = 5.0;
				TARGETED_DEVICE_FAMILY = "1,2";
				TEST_HOST = "$(BUILT_PRODUCTS_DIR)/CityGuide.app/CityGuide";
			};
			name = Debug;
		};
		22421A4822FD5F7300FE1EC2 /* Release */ = {
			isa = XCBuildConfiguration;
			buildSettings = {
				ALWAYS_EMBED_SWIFT_STANDARD_LIBRARIES = YES;
				BUNDLE_LOADER = "$(TEST_HOST)";
				CODE_SIGN_STYLE = Automatic;
				DEVELOPMENT_TEAM = 6AABQB8S42;
				INFOPLIST_FILE = CityGuideTests/Info.plist;
				LD_RUNPATH_SEARCH_PATHS = (
					"$(inherited)",
					"@executable_path/Frameworks",
					"@loader_path/Frameworks",
				);
				PRODUCT_BUNDLE_IDENTIFIER = com.evgenylevin.CityGuideTests;
				PRODUCT_NAME = "$(TARGET_NAME)";
				SWIFT_VERSION = 5.0;
				TARGETED_DEVICE_FAMILY = "1,2";
				TEST_HOST = "$(BUILT_PRODUCTS_DIR)/CityGuide.app/CityGuide";
			};
			name = Release;
		};
/* End XCBuildConfiguration section */

/* Begin XCConfigurationList section */
		22421A1E22FD5F7000FE1EC2 /* Build configuration list for PBXProject "CityGuide" */ = {
			isa = XCConfigurationList;
			buildConfigurations = (
				22421A4122FD5F7300FE1EC2 /* Debug */,
				22421A4222FD5F7300FE1EC2 /* Release */,
			);
			defaultConfigurationIsVisible = 0;
			defaultConfigurationName = Release;
		};
		22421A4322FD5F7300FE1EC2 /* Build configuration list for PBXNativeTarget "CityGuide" */ = {
			isa = XCConfigurationList;
			buildConfigurations = (
				22421A4422FD5F7300FE1EC2 /* Debug */,
				22421A4522FD5F7300FE1EC2 /* Release */,
			);
			defaultConfigurationIsVisible = 0;
			defaultConfigurationName = Release;
		};
		22421A4622FD5F7300FE1EC2 /* Build configuration list for PBXNativeTarget "CityGuideTests" */ = {
			isa = XCConfigurationList;
			buildConfigurations = (
				22421A4722FD5F7300FE1EC2 /* Debug */,
				22421A4822FD5F7300FE1EC2 /* Release */,
			);
			defaultConfigurationIsVisible = 0;
			defaultConfigurationName = Release;
		};
/* End XCConfigurationList section */

/* Begin XCVersionGroup section */
		22421A2D22FD5F7000FE1EC2 /* CityGuide.xcdatamodeld */ = {
			isa = XCVersionGroup;
			children = (
				22421A2E22FD5F7000FE1EC2 /* CityGuide.xcdatamodel */,
			);
			currentVersion = 22421A2E22FD5F7000FE1EC2 /* CityGuide.xcdatamodel */;
			path = CityGuide.xcdatamodeld;
			sourceTree = "<group>";
			versionGroupType = wrapper.xcdatamodel;
		};
/* End XCVersionGroup section */
	};
	rootObject = 22421A1B22FD5F7000FE1EC2 /* Project object */;
}
